
Microsoft Visual Studio Solution File, Format Version 12.00
# Visual Studio 15
VisualStudioVersion = 15.0.27428.2002
MinimumVisualStudioVersion = 10.0.40219.1
Project("{FAE04EC0-301F-11D3-BF4B-00C04F79EFBC}") = "TicTacToe", "TicTacToe\TicTacToe.csproj", "{1C3F51AE-6807-47BA-9AE6-0FBDF845AD2A}"
EndProject
Project("{FAE04EC0-301F-11D3-BF4B-00C04F79EFBC}") = "TicTacToeServer", "..\TicTacToeServer\TicTacToeServer.csproj", "{CF911E36-A91E-430B-BEC3-6BFA6BBBDAD5}"
EndProject
Global
	GlobalSection(SolutionConfigurationPlatforms) = preSolution
		Debug|Any CPU = Debug|Any CPU
		Release|Any CPU = Release|Any CPU
	EndGlobalSection
	GlobalSection(ProjectConfigurationPlatforms) = postSolution
		{1C3F51AE-6807-47BA-9AE6-0FBDF845AD2A}.Debug|Any CPU.ActiveCfg = Debug|Any CPU
		{1C3F51AE-6807-47BA-9AE6-0FBDF845AD2A}.Debug|Any CPU.Build.0 = Debug|Any CPU
		{1C3F51AE-6807-47BA-9AE6-0FBDF845AD2A}.Release|Any CPU.ActiveCfg = Release|Any CPU
		{1C3F51AE-6807-47BA-9AE6-0FBDF845AD2A}.Release|Any CPU.Build.0 = Release|Any CPU
		{CF911E36-A91E-430B-BEC3-6BFA6BBBDAD5}.Debug|Any CPU.ActiveCfg = Debug|Any CPU
		{CF911E36-A91E-430B-BEC3-6BFA6BBBDAD5}.Debug|Any CPU.Build.0 = Debug|Any CPU
		{CF911E36-A91E-430B-BEC3-6BFA6BBBDAD5}.Release|Any CPU.ActiveCfg = Release|Any CPU
		{CF911E36-A91E-430B-BEC3-6BFA6BBBDAD5}.Release|Any CPU.Build.0 = Release|Any CPU
	EndGlobalSection
	GlobalSection(SolutionProperties) = preSolution
		HideSolutionNode = FALSE
	EndGlobalSection
	GlobalSection(ExtensibilityGlobals) = postSolution
		SolutionGuid = {72F33375-4301-4802-8B4D-402E0E2C8765}
	EndGlobalSection
EndGlobal
